<?xml version="1.0" encoding="utf-8"?>
<Project ToolsVersion="4.0" xmlns="http://schemas.microsoft.com/developer/msbuild/2003">
  <ItemGroup>
    <Filter Include="eez">
      <UniqueIdentifier>{e18145cc-3940-4ffd-8941-09b7e73f8186}</UniqueIdentifier>
    </Filter>
    <Filter Include="eez\app">
      <UniqueIdentifier>{d1e0a1ab-0323-4599-bf31-50e1e7da064d}</UniqueIdentifier>
    </Filter>
    <Filter Include="eez\mw">
      <UniqueIdentifier>{4bb5e970-f1a5-4714-b7a1-4fe4e218482f}</UniqueIdentifier>
    </Filter>
    <Filter Include="eez\mw\gui">
      <UniqueIdentifier>{1926c74d-0d3c-4306-b225-02eb3a800e03}</UniqueIdentifier>
    </Filter>
    <Filter Include="eez\app\gui">
      <UniqueIdentifier>{d56b3f6a-a790-4efa-97ab-d2d5e23cd176}</UniqueIdentifier>
    </Filter>
    <Filter Include="libraries">
      <UniqueIdentifier>{fd2bde1f-2f75-465d-a467-1d808da0be09}</UniqueIdentifier>
    </Filter>
    <Filter Include="libraries\scpi-parser">
      <UniqueIdentifier>{923b6cff-9bf3-4217-88f3-792722aa42d6}</UniqueIdentifier>
    </Filter>
    <Filter Include="libraries\scpi-parser\impl">
      <UniqueIdentifier>{b3b0240d-7856-4d6f-8a13-a2e9a9af0a1b}</UniqueIdentifier>
    </Filter>
    <Filter Include="libraries\scpi-parser\scpi">
      <UniqueIdentifier>{00adcd0a-2227-43f0-8e1c-b74d35c30045}</UniqueIdentifier>
    </Filter>
    <Filter Include="eez\mw\platform">
      <UniqueIdentifier>{dd995ffc-593e-43d2-9605-861038a2b788}</UniqueIdentifier>
    </Filter>
    <Filter Include="eez\mw\platform\simulator">
      <UniqueIdentifier>{692bc98b-4f59-40b7-8b90-576b841b964e}</UniqueIdentifier>
    </Filter>
    <Filter Include="eez\mw\platform\simulator\imgui">
      <UniqueIdentifier>{eea1bd92-e51c-4b59-8fba-72ef8822075b}</UniqueIdentifier>
    </Filter>
    <Filter Include="eez\mw\platform\simulator\win32">
      <UniqueIdentifier>{38c4896a-c880-45e5-aa31-4933ff421735}</UniqueIdentifier>
    </Filter>
    <Filter Include="eez\mw\platform\simulator\front-panel">
      <UniqueIdentifier>{c8f6e5a4-b7a0-4b1c-8b29-760134b89741}</UniqueIdentifier>
    </Filter>
    <Filter Include="eez\app\platform">
      <UniqueIdentifier>{f9fc9ea5-5ad3-4635-a290-7887b6f729fe}</UniqueIdentifier>
    </Filter>
    <Filter Include="eez\app\platform\simulator">
      <UniqueIdentifier>{ee2b3777-93d3-4176-96bf-5077bfd2c9b7}</UniqueIdentifier>
    </Filter>
    <Filter Include="eez\app\platform\simulator\ethernet">
      <UniqueIdentifier>{31993c25-84bf-4d92-b2ad-fd5902e5c934}</UniqueIdentifier>
    </Filter>
    <Filter Include="eez\app\platform\simulator\front_panel">
      <UniqueIdentifier>{c019abd4-361c-4169-a7a9-6d94c464f1e5}</UniqueIdentifier>
    </Filter>
    <Filter Include="eez\app\scpi">
      <UniqueIdentifier>{07015d49-025d-46d7-91ce-35b842198741}</UniqueIdentifier>
    </Filter>
    <Filter Include="eez\mw\gui\widget">
      <UniqueIdentifier>{86dc9f0e-ba7b-49ed-952c-ba5fd1fd025f}</UniqueIdentifier>
    </Filter>
  </ItemGroup>
  <ItemGroup>
    <ClCompile Include="..\..\..\..\..\scpi\appl.cpp">
      <Filter>eez\app\scpi</Filter>
    </ClCompile>
    <ClCompile Include="..\..\..\..\..\scpi\cal.cpp">
      <Filter>eez\app\scpi</Filter>
    </ClCompile>
    <ClCompile Include="..\..\..\..\..\scpi\core.cpp">
      <Filter>eez\app\scpi</Filter>
    </ClCompile>
    <ClCompile Include="..\..\..\..\..\scpi\debug.cpp">
      <Filter>eez\app\scpi</Filter>
    </ClCompile>
    <ClCompile Include="..\..\..\..\..\scpi\diag.cpp">
      <Filter>eez\app\scpi</Filter>
    </ClCompile>
    <ClCompile Include="..\..\..\..\..\scpi\display.cpp">
      <Filter>eez\app\scpi</Filter>
    </ClCompile>
    <ClCompile Include="..\..\..\..\..\scpi\dlog.cpp">
      <Filter>eez\app\scpi</Filter>
    </ClCompile>
    <ClCompile Include="..\..\..\..\..\scpi\inst.cpp">
      <Filter>eez\app\scpi</Filter>
    </ClCompile>
    <ClCompile Include="..\..\..\..\..\scpi\meas.cpp">
      <Filter>eez\app\scpi</Filter>
    </ClCompile>
    <ClCompile Include="..\..\..\..\..\scpi\mem.cpp">
      <Filter>eez\app\scpi</Filter>
    </ClCompile>
    <ClCompile Include="..\..\..\..\..\scpi\mmem.cpp">
      <Filter>eez\app\scpi</Filter>
    </ClCompile>
    <ClCompile Include="..\..\..\..\..\scpi\outp.cpp">
      <Filter>eez\app\scpi</Filter>
    </ClCompile>
    <ClCompile Include="..\..\..\..\..\scpi\params.cpp">
      <Filter>eez\app\scpi</Filter>
    </ClCompile>
    <ClCompile Include="..\..\..\..\..\scpi\psu.cpp">
      <Filter>eez\app\scpi</Filter>
    </ClCompile>
    <ClCompile Include="..\..\..\..\..\scpi\regs.cpp">
      <Filter>eez\app\scpi</Filter>
    </ClCompile>
    <ClCompile Include="..\..\..\..\..\scpi\sense.cpp">
      <Filter>eez\app\scpi</Filter>
    </ClCompile>
    <ClCompile Include="..\..\..\..\..\scpi\simu.cpp">
      <Filter>eez\app\scpi</Filter>
    </ClCompile>
    <ClCompile Include="..\..\..\..\..\scpi\sour.cpp">
      <Filter>eez\app\scpi</Filter>
    </ClCompile>
    <ClCompile Include="..\..\..\..\..\scpi\stat.cpp">
      <Filter>eez\app\scpi</Filter>
    </ClCompile>
    <ClCompile Include="..\..\..\..\..\scpi\syst.cpp">
      <Filter>eez\app\scpi</Filter>
    </ClCompile>
    <ClCompile Include="..\..\..\..\..\scpi\trigger.cpp">
      <Filter>eez\app\scpi</Filter>
    </ClCompile>
    <ClCompile Include="..\..\..\..\..\..\mw\unit.cpp">
      <Filter>eez\mw</Filter>
    </ClCompile>
    <ClCompile Include="..\..\..\..\..\..\mw\util.cpp">
      <Filter>eez\mw</Filter>
    </ClCompile>
    <ClCompile Include="..\..\..\..\..\..\mw\gui\data.cpp">
      <Filter>eez\mw\gui</Filter>
    </ClCompile>
    <ClCompile Include="..\..\..\..\..\..\mw\gui\page.cpp">
      <Filter>eez\mw\gui</Filter>
    </ClCompile>
    <ClCompile Include="..\..\..\..\..\..\mw\gui\view.cpp">
      <Filter>eez\mw\gui</Filter>
    </ClCompile>
    <ClCompile Include="..\..\..\..\..\..\..\libraries\scpi-parser\src\impl\error.c">
      <Filter>libraries\scpi-parser\impl</Filter>
    </ClCompile>
    <ClCompile Include="..\..\..\..\..\..\..\libraries\scpi-parser\src\impl\expression.c">
      <Filter>libraries\scpi-parser\impl</Filter>
    </ClCompile>
    <ClCompile Include="..\..\..\..\..\..\..\libraries\scpi-parser\src\impl\fifo.c">
      <Filter>libraries\scpi-parser\impl</Filter>
    </ClCompile>
    <ClCompile Include="..\..\..\..\..\..\..\libraries\scpi-parser\src\impl\ieee488.c">
      <Filter>libraries\scpi-parser\impl</Filter>
    </ClCompile>
    <ClCompile Include="..\..\..\..\..\..\..\libraries\scpi-parser\src\impl\lexer.c">
      <Filter>libraries\scpi-parser\impl</Filter>
    </ClCompile>
    <ClCompile Include="..\..\..\..\..\..\..\libraries\scpi-parser\src\impl\minimal.c">
      <Filter>libraries\scpi-parser\impl</Filter>
    </ClCompile>
    <ClCompile Include="..\..\..\..\..\..\..\libraries\scpi-parser\src\impl\parser.c">
      <Filter>libraries\scpi-parser\impl</Filter>
    </ClCompile>
    <ClCompile Include="..\..\..\..\..\..\..\libraries\scpi-parser\src\impl\units.c">
      <Filter>libraries\scpi-parser\impl</Filter>
    </ClCompile>
    <ClCompile Include="..\..\..\..\..\..\..\libraries\scpi-parser\src\impl\utils.c">
      <Filter>libraries\scpi-parser\impl</Filter>
    </ClCompile>
    <ClCompile Include="..\..\..\..\..\..\app\gui\document.cpp">
      <Filter>eez\app\gui</Filter>
    </ClCompile>
    <ClCompile Include="..\..\..\..\..\..\mw\gui\font.cpp">
      <Filter>eez\mw\gui</Filter>
    </ClCompile>
    <ClCompile Include="..\..\..\..\..\..\mw\gui\gui.cpp">
      <Filter>eez\mw\gui</Filter>
    </ClCompile>
    <ClCompile Include="..\..\..\..\..\..\mw\gui\touch.cpp">
      <Filter>eez\mw\gui</Filter>
    </ClCompile>
    <ClCompile Include="..\..\..\..\..\..\mw\gui\touch_filter.cpp">
      <Filter>eez\mw\gui</Filter>
    </ClCompile>
    <ClCompile Include="..\..\..\..\..\..\mw\gui\lcd.cpp">
      <Filter>eez\mw\gui</Filter>
    </ClCompile>
    <ClCompile Include="..\..\..\..\..\..\mw\platform\lcd.cpp">
      <Filter>eez\mw\platform</Filter>
    </ClCompile>
    <ClCompile Include="..\..\..\..\..\..\mw\platform\simulator\beeper.cpp">
      <Filter>eez\mw\platform\simulator</Filter>
    </ClCompile>
    <ClCompile Include="..\..\..\..\..\..\mw\platform\simulator\main.cpp">
      <Filter>eez\mw\platform\simulator</Filter>
    </ClCompile>
    <ClCompile Include="..\..\..\..\..\..\mw\platform\simulator\touch.cpp">
      <Filter>eez\mw\platform\simulator</Filter>
    </ClCompile>
    <ClCompile Include="..\..\..\..\..\..\mw\platform\simulator\front_panel\control.cpp">
      <Filter>eez\mw\platform\simulator\front-panel</Filter>
    </ClCompile>
    <ClCompile Include="..\..\..\..\..\..\mw\platform\simulator\front_panel\data.cpp">
      <Filter>eez\mw\platform\simulator\front-panel</Filter>
    </ClCompile>
    <ClCompile Include="..\..\..\..\..\..\mw\platform\simulator\imgui\texture.cpp">
      <Filter>eez\mw\platform\simulator\imgui</Filter>
    </ClCompile>
    <ClCompile Include="..\..\..\..\..\..\mw\platform\simulator\imgui\window.cpp">
      <Filter>eez\mw\platform\simulator\imgui</Filter>
    </ClCompile>
    <ClCompile Include="..\..\..\..\..\..\mw\platform\simulator\win32\ethernet.cpp">
      <Filter>eez\mw\platform\simulator\win32</Filter>
    </ClCompile>
    <ClCompile Include="..\..\..\..\..\..\mw\platform\simulator\win32\main_loop.cpp">
      <Filter>eez\mw\platform\simulator\win32</Filter>
    </ClCompile>
    <ClCompile Include="..\..\..\..\..\..\mw\platform\simulator\platform.cpp">
      <Filter>eez\mw\platform\simulator</Filter>
    </ClCompile>
    <ClCompile Include="..\..\..\..\..\..\mw\platform\simulator\encoder.cpp">
      <Filter>eez\mw\platform\simulator</Filter>
    </ClCompile>
    <ClCompile Include="..\..\..\..\..\gui\calibration.cpp">
      <Filter>eez\app\gui</Filter>
    </ClCompile>
    <ClCompile Include="..\..\..\..\..\gui\data.cpp">
      <Filter>eez\app\gui</Filter>
    </ClCompile>
    <ClCompile Include="..\..\..\..\..\gui\edit_mode.cpp">
      <Filter>eez\app\gui</Filter>
    </ClCompile>
    <ClCompile Include="..\..\..\..\..\gui\edit_mode_keypad.cpp">
      <Filter>eez\app\gui</Filter>
    </ClCompile>
    <ClCompile Include="..\..\..\..\..\gui\edit_mode_slider.cpp">
      <Filter>eez\app\gui</Filter>
    </ClCompile>
    <ClCompile Include="..\..\..\..\..\gui\edit_mode_step.cpp">
      <Filter>eez\app\gui</Filter>
    </ClCompile>
    <ClCompile Include="..\..\..\..\..\gui\keypad.cpp">
      <Filter>eez\app\gui</Filter>
    </ClCompile>
    <ClCompile Include="..\..\..\..\..\gui\numeric_keypad.cpp">
      <Filter>eez\app\gui</Filter>
    </ClCompile>
    <ClCompile Include="..\..\..\..\..\gui\page_ch_settings_adv.cpp">
      <Filter>eez\app\gui</Filter>
    </ClCompile>
    <ClCompile Include="..\..\..\..\..\gui\page_ch_settings_protection.cpp">
      <Filter>eez\app\gui</Filter>
    </ClCompile>
    <ClCompile Include="..\..\..\..\..\gui\page_ch_settings_trigger.cpp">
      <Filter>eez\app\gui</Filter>
    </ClCompile>
    <ClCompile Include="..\..\..\..\..\gui\page_event_queue.cpp">
      <Filter>eez\app\gui</Filter>
    </ClCompile>
    <ClCompile Include="..\..\..\..\..\gui\page_self_test_result.cpp">
      <Filter>eez\app\gui</Filter>
    </ClCompile>
    <ClCompile Include="..\..\..\..\..\gui\page_sys_settings.cpp">
      <Filter>eez\app\gui</Filter>
    </ClCompile>
    <ClCompile Include="..\..\..\..\..\gui\page_user_profiles.cpp">
      <Filter>eez\app\gui</Filter>
    </ClCompile>
    <ClCompile Include="..\..\..\..\..\gui\password.cpp">
      <Filter>eez\app\gui</Filter>
    </ClCompile>
    <ClCompile Include="..\..\..\..\..\gui\psu.cpp">
      <Filter>eez\app\gui</Filter>
    </ClCompile>
    <ClCompile Include="..\..\..\..\..\gui\touch_calibration.cpp">
      <Filter>eez\app\gui</Filter>
    </ClCompile>
    <ClCompile Include="..\..\..\..\..\actions.cpp">
      <Filter>eez\app</Filter>
    </ClCompile>
    <ClCompile Include="..\..\..\..\..\bp.cpp">
      <Filter>eez\app</Filter>
    </ClCompile>
    <ClCompile Include="..\..\..\..\..\calibration.cpp">
      <Filter>eez\app</Filter>
    </ClCompile>
    <ClCompile Include="..\..\..\..\..\channel.cpp">
      <Filter>eez\app</Filter>
    </ClCompile>
    <ClCompile Include="..\..\..\..\..\channel_dispatcher.cpp">
      <Filter>eez\app</Filter>
    </ClCompile>
    <ClCompile Include="..\..\..\..\..\datetime.cpp">
      <Filter>eez\app</Filter>
    </ClCompile>
    <ClCompile Include="..\..\..\..\..\debug.cpp">
      <Filter>eez\app</Filter>
    </ClCompile>
    <ClCompile Include="..\..\..\..\..\devices.cpp">
      <Filter>eez\app</Filter>
    </ClCompile>
    <ClCompile Include="..\..\..\..\..\dlog.cpp">
      <Filter>eez\app</Filter>
    </ClCompile>
    <ClCompile Include="..\..\..\..\..\ethernet.cpp">
      <Filter>eez\app</Filter>
    </ClCompile>
    <ClCompile Include="..\..\..\..\..\event_queue.cpp">
      <Filter>eez\app</Filter>
    </ClCompile>
    <ClCompile Include="..\..\..\..\..\idle.cpp">
      <Filter>eez\app</Filter>
    </ClCompile>
    <ClCompile Include="..\..\..\..\..\io_pins.cpp">
      <Filter>eez\app</Filter>
    </ClCompile>
    <ClCompile Include="..\..\..\..\..\lcd.cpp">
      <Filter>eez\app</Filter>
    </ClCompile>
    <ClCompile Include="..\..\..\..\..\list_program.cpp">
      <Filter>eez\app</Filter>
    </ClCompile>
    <ClCompile Include="..\..\..\..\..\ntp.cpp">
      <Filter>eez\app</Filter>
    </ClCompile>
    <ClCompile Include="..\..\..\..\..\ontime.cpp">
      <Filter>eez\app</Filter>
    </ClCompile>
    <ClCompile Include="..\..\..\..\..\persist_conf.cpp">
      <Filter>eez\app</Filter>
    </ClCompile>
    <ClCompile Include="..\..\..\..\..\pid.cpp">
      <Filter>eez\app</Filter>
    </ClCompile>
    <ClCompile Include="..\..\..\..\..\profile.cpp">
      <Filter>eez\app</Filter>
    </ClCompile>
    <ClCompile Include="..\..\..\..\..\psu.cpp">
      <Filter>eez\app</Filter>
    </ClCompile>
    <ClCompile Include="..\..\..\..\..\sd_card.cpp">
      <Filter>eez\app</Filter>
    </ClCompile>
    <ClCompile Include="..\..\..\..\..\serial_psu.cpp">
      <Filter>eez\app</Filter>
    </ClCompile>
    <ClCompile Include="..\..\..\..\..\sound.cpp">
      <Filter>eez\app</Filter>
    </ClCompile>
    <ClCompile Include="..\..\..\..\..\temp_sensor.cpp">
      <Filter>eez\app</Filter>
    </ClCompile>
    <ClCompile Include="..\..\..\..\..\temperature.cpp">
      <Filter>eez\app</Filter>
    </ClCompile>
    <ClCompile Include="..\..\..\..\..\timer.cpp">
      <Filter>eez\app</Filter>
    </ClCompile>
    <ClCompile Include="..\..\..\..\..\trigger.cpp">
      <Filter>eez\app</Filter>
    </ClCompile>
    <ClCompile Include="..\..\..\..\..\unit.cpp">
      <Filter>eez\app</Filter>
    </ClCompile>
    <ClCompile Include="..\..\..\..\..\util.cpp">
      <Filter>eez\app</Filter>
    </ClCompile>
    <ClCompile Include="..\..\..\adc.cpp">
      <Filter>eez\app\platform\simulator</Filter>
    </ClCompile>
    <ClCompile Include="..\..\..\board.cpp">
      <Filter>eez\app\platform\simulator</Filter>
    </ClCompile>
    <ClCompile Include="..\..\..\bp.cpp">
      <Filter>eez\app\platform\simulator</Filter>
    </ClCompile>
    <ClCompile Include="..\..\..\buzzer.cpp">
      <Filter>eez\app\platform\simulator</Filter>
    </ClCompile>
    <ClCompile Include="..\..\..\dac.cpp">
      <Filter>eez\app\platform\simulator</Filter>
    </ClCompile>
    <ClCompile Include="..\..\..\eeprom.cpp">
      <Filter>eez\app\platform\simulator</Filter>
    </ClCompile>
    <ClCompile Include="..\..\..\fan.cpp">
      <Filter>eez\app\platform\simulator</Filter>
    </ClCompile>
    <ClCompile Include="..\..\..\io_pins.cpp">
      <Filter>eez\app\platform\simulator</Filter>
    </ClCompile>
    <ClCompile Include="..\..\..\ioexp.cpp">
      <Filter>eez\app\platform\simulator</Filter>
    </ClCompile>
    <ClCompile Include="..\..\..\psu.cpp">
      <Filter>eez\app\platform\simulator</Filter>
    </ClCompile>
    <ClCompile Include="..\..\..\rtc.cpp">
      <Filter>eez\app\platform\simulator</Filter>
    </ClCompile>
    <ClCompile Include="..\..\..\SdFat.cpp">
      <Filter>eez\app\platform\simulator</Filter>
    </ClCompile>
    <ClCompile Include="..\..\..\serial.cpp">
      <Filter>eez\app\platform\simulator</Filter>
    </ClCompile>
    <ClCompile Include="..\..\..\temp_sensor.cpp">
      <Filter>eez\app\platform\simulator</Filter>
    </ClCompile>
    <ClCompile Include="..\..\..\watchdog.cpp">
      <Filter>eez\app\platform\simulator</Filter>
    </ClCompile>
    <ClCompile Include="..\..\..\ethernet\EthernetUdp2.cpp">
      <Filter>eez\app\platform\simulator\ethernet</Filter>
    </ClCompile>
    <ClCompile Include="..\..\..\ethernet\uipethernet_impl.cpp">
      <Filter>eez\app\platform\simulator\ethernet</Filter>
    </ClCompile>
    <ClCompile Include="..\..\..\front_panel\data.cpp">
      <Filter>eez\app\platform\simulator\front_panel</Filter>
    </ClCompile>
    <ClCompile Include="..\..\..\front_panel\render.cpp">
      <Filter>eez\app\platform\simulator\front_panel</Filter>
    </ClCompile>
    <ClCompile Include="..\..\..\..\..\..\mw\gui\widget\bar_graph.cpp">
      <Filter>eez\mw\gui\widget</Filter>
    </ClCompile>
    <ClCompile Include="..\..\..\..\..\..\mw\gui\widget\bitmap.cpp">
      <Filter>eez\mw\gui\widget</Filter>
    </ClCompile>
    <ClCompile Include="..\..\..\..\..\..\mw\gui\widget\button.cpp">
      <Filter>eez\mw\gui\widget</Filter>
    </ClCompile>
    <ClCompile Include="..\..\..\..\..\..\mw\gui\widget\button_group.cpp">
      <Filter>eez\mw\gui\widget</Filter>
    </ClCompile>
    <ClCompile Include="..\..\..\..\..\..\mw\gui\widget\container.cpp">
      <Filter>eez\mw\gui\widget</Filter>
    </ClCompile>
    <ClCompile Include="..\..\..\..\..\..\mw\gui\widget\custom.cpp">
      <Filter>eez\mw\gui\widget</Filter>
    </ClCompile>
    <ClCompile Include="..\..\..\..\..\..\mw\gui\widget\display_data.cpp">
      <Filter>eez\mw\gui\widget</Filter>
    </ClCompile>
    <ClCompile Include="..\..\..\..\..\..\mw\gui\widget\list.cpp">
      <Filter>eez\mw\gui\widget</Filter>
    </ClCompile>
    <ClCompile Include="..\..\..\..\..\..\mw\gui\widget\list_graph.cpp">
      <Filter>eez\mw\gui\widget</Filter>
    </ClCompile>
    <ClCompile Include="..\..\..\..\..\..\mw\gui\widget\multiline_text.cpp">
      <Filter>eez\mw\gui\widget</Filter>
    </ClCompile>
    <ClCompile Include="..\..\..\..\..\..\mw\gui\widget\rectangle.cpp">
      <Filter>eez\mw\gui\widget</Filter>
    </ClCompile>
    <ClCompile Include="..\..\..\..\..\..\mw\gui\widget\scale.cpp">
      <Filter>eez\mw\gui\widget</Filter>
    </ClCompile>
    <ClCompile Include="..\..\..\..\..\..\mw\gui\widget\select.cpp">
      <Filter>eez\mw\gui\widget</Filter>
    </ClCompile>
    <ClCompile Include="..\..\..\..\..\..\mw\gui\widget\text.cpp">
      <Filter>eez\mw\gui\widget</Filter>
    </ClCompile>
    <ClCompile Include="..\..\..\..\..\..\mw\gui\widget\toggle_button.cpp">
      <Filter>eez\mw\gui\widget</Filter>
    </ClCompile>
    <ClCompile Include="..\..\..\..\..\..\mw\gui\widget\up_down.cpp">
      <Filter>eez\mw\gui\widget</Filter>
    </ClCompile>
    <ClCompile Include="..\..\..\..\..\..\mw\gui\widget\yt_graph.cpp">
      <Filter>eez\mw\gui\widget</Filter>
    </ClCompile>
    <ClCompile Include="..\..\..\..\..\..\mw\gui\draw.cpp">
      <Filter>eez\mw\gui</Filter>
    </ClCompile>
  </ItemGroup>
  <ItemGroup>
    <ClInclude Include="..\..\..\..\..\scpi\commands.h">
      <Filter>eez\app\scpi</Filter>
    </ClInclude>
    <ClInclude Include="..\..\..\..\..\scpi\params.h">
      <Filter>eez\app\scpi</Filter>
    </ClInclude>
    <ClInclude Include="..\..\..\..\..\scpi\psu.h">
      <Filter>eez\app\scpi</Filter>
    </ClInclude>
    <ClInclude Include="..\..\..\..\..\scpi\regs.h">
      <Filter>eez\app\scpi</Filter>
    </ClInclude>
    <ClInclude Include="..\..\..\..\..\scpi\user_config.h">
      <Filter>eez\app\scpi</Filter>
    </ClInclude>
    <ClInclude Include="..\..\..\..\..\..\mw\mw.h">
      <Filter>eez\mw</Filter>
    </ClInclude>
    <ClInclude Include="..\..\..\..\..\..\mw\unit.h">
      <Filter>eez\mw</Filter>
    </ClInclude>
    <ClInclude Include="..\..\..\..\..\..\mw\util.h">
      <Filter>eez\mw</Filter>
    </ClInclude>
    <ClInclude Include="..\..\..\..\..\..\mw\gui\data.h">
      <Filter>eez\mw\gui</Filter>
    </ClInclude>
    <ClInclude Include="..\..\..\..\..\..\mw\gui\hooks.h">
      <Filter>eez\mw\gui</Filter>
    </ClInclude>
    <ClInclude Include="..\..\..\..\..\..\mw\gui\internal.h">
      <Filter>eez\mw\gui</Filter>
    </ClInclude>
    <ClInclude Include="..\..\..\..\..\..\mw\gui\page.h">
      <Filter>eez\mw\gui</Filter>
    </ClInclude>
    <ClInclude Include="..\..\..\..\..\..\mw\gui\view.h">
      <Filter>eez\mw\gui</Filter>
    </ClInclude>
    <ClInclude Include="..\..\..\..\..\..\..\libraries\scpi-parser\src\impl\fifo_private.h">
      <Filter>libraries\scpi-parser\impl</Filter>
    </ClInclude>
    <ClInclude Include="..\..\..\..\..\..\..\libraries\scpi-parser\src\impl\lexer_private.h">
      <Filter>libraries\scpi-parser\impl</Filter>
    </ClInclude>
    <ClInclude Include="..\..\..\..\..\..\..\libraries\scpi-parser\src\impl\parser_private.h">
      <Filter>libraries\scpi-parser\impl</Filter>
    </ClInclude>
    <ClInclude Include="..\..\..\..\..\..\..\libraries\scpi-parser\src\impl\utils_private.h">
      <Filter>libraries\scpi-parser\impl</Filter>
    </ClInclude>
    <ClInclude Include="..\..\..\..\..\..\..\libraries\scpi-parser\src\scpi\config.h">
      <Filter>libraries\scpi-parser\scpi</Filter>
    </ClInclude>
    <ClInclude Include="..\..\..\..\..\..\..\libraries\scpi-parser\src\scpi\constants.h">
      <Filter>libraries\scpi-parser\scpi</Filter>
    </ClInclude>
    <ClInclude Include="..\..\..\..\..\..\..\libraries\scpi-parser\src\scpi\error.h">
      <Filter>libraries\scpi-parser\scpi</Filter>
    </ClInclude>
    <ClInclude Include="..\..\..\..\..\..\..\libraries\scpi-parser\src\scpi\expression.h">
      <Filter>libraries\scpi-parser\scpi</Filter>
    </ClInclude>
    <ClInclude Include="..\..\..\..\..\..\..\libraries\scpi-parser\src\scpi\ieee488.h">
      <Filter>libraries\scpi-parser\scpi</Filter>
    </ClInclude>
    <ClInclude Include="..\..\..\..\..\..\..\libraries\scpi-parser\src\scpi\minimal.h">
      <Filter>libraries\scpi-parser\scpi</Filter>
    </ClInclude>
    <ClInclude Include="..\..\..\..\..\..\..\libraries\scpi-parser\src\scpi\parser.h">
      <Filter>libraries\scpi-parser\scpi</Filter>
    </ClInclude>
    <ClInclude Include="..\..\..\..\..\..\..\libraries\scpi-parser\src\scpi\scpi.h">
      <Filter>libraries\scpi-parser\scpi</Filter>
    </ClInclude>
    <ClInclude Include="..\..\..\..\..\..\..\libraries\scpi-parser\src\scpi\scpi_user_config.h">
      <Filter>libraries\scpi-parser\scpi</Filter>
    </ClInclude>
    <ClInclude Include="..\..\..\..\..\..\..\libraries\scpi-parser\src\scpi\types.h">
      <Filter>libraries\scpi-parser\scpi</Filter>
    </ClInclude>
    <ClInclude Include="..\..\..\..\..\..\..\libraries\scpi-parser\src\scpi\units.h">
      <Filter>libraries\scpi-parser\scpi</Filter>
    </ClInclude>
    <ClInclude Include="..\..\..\..\..\..\..\libraries\scpi-parser\src\scpi\utils.h">
      <Filter>libraries\scpi-parser\scpi</Filter>
    </ClInclude>
    <ClInclude Include="..\..\..\..\..\..\..\libraries\scpi-parser\src\scpi-parser.h">
      <Filter>libraries\scpi-parser</Filter>
    </ClInclude>
    <ClInclude Include="..\..\..\..\..\..\app\gui\document.h">
      <Filter>eez\app\gui</Filter>
    </ClInclude>
    <ClInclude Include="..\..\..\..\..\..\mw\gui\font.h">
      <Filter>eez\mw\gui</Filter>
    </ClInclude>
    <ClInclude Include="..\..\..\..\..\..\mw\gui\gui.h">
      <Filter>eez\mw\gui</Filter>
    </ClInclude>
    <ClInclude Include="..\..\..\..\..\..\mw\gui\lcd.h">
      <Filter>eez\mw\gui</Filter>
    </ClInclude>
    <ClInclude Include="..\..\..\..\..\..\mw\gui\touch.h">
      <Filter>eez\mw\gui</Filter>
    </ClInclude>
    <ClInclude Include="..\..\..\..\..\..\mw\gui\touch_filter.h">
      <Filter>eez\mw\gui</Filter>
    </ClInclude>
    <ClInclude Include="..\..\..\..\..\..\mw\platform\lcd.h">
      <Filter>eez\mw\platform</Filter>
    </ClInclude>
    <ClInclude Include="..\..\..\..\..\..\mw\platform\simulator\beeper.h">
      <Filter>eez\mw\platform\simulator</Filter>
    </ClInclude>
    <ClInclude Include="..\..\..\..\..\..\mw\platform\simulator\encoder.h">
      <Filter>eez\mw\platform\simulator</Filter>
    </ClInclude>
    <ClInclude Include="..\..\..\..\..\..\mw\platform\simulator\ethernet.h">
      <Filter>eez\mw\platform\simulator</Filter>
    </ClInclude>
    <ClInclude Include="..\..\..\..\..\..\mw\platform\simulator\main_loop.h">
      <Filter>eez\mw\platform\simulator</Filter>
    </ClInclude>
    <ClInclude Include="..\..\..\..\..\..\mw\platform\simulator\thread.h">
      <Filter>eez\mw\platform\simulator</Filter>
    </ClInclude>
    <ClInclude Include="..\..\..\..\..\..\mw\platform\simulator\touch.h">
      <Filter>eez\mw\platform\simulator</Filter>
    </ClInclude>
    <ClInclude Include="..\..\..\..\..\..\mw\platform\simulator\front_panel\control.h">
      <Filter>eez\mw\platform\simulator\front-panel</Filter>
    </ClInclude>
    <ClInclude Include="..\..\..\..\..\..\mw\platform\simulator\front_panel\data.h">
      <Filter>eez\mw\platform\simulator\front-panel</Filter>
    </ClInclude>
    <ClInclude Include="..\..\..\..\..\..\mw\platform\simulator\front_panel\render.h">
      <Filter>eez\mw\platform\simulator\front-panel</Filter>
    </ClInclude>
    <ClInclude Include="..\..\..\..\..\..\mw\platform\simulator\imgui\texture.h">
      <Filter>eez\mw\platform\simulator\imgui</Filter>
    </ClInclude>
    <ClInclude Include="..\..\..\..\..\..\mw\platform\simulator\imgui\window.h">
      <Filter>eez\mw\platform\simulator\imgui</Filter>
    </ClInclude>
    <ClInclude Include="..\..\..\..\..\..\mw\platform\simulator\imgui\window_impl.h">
      <Filter>eez\mw\platform\simulator\imgui</Filter>
    </ClInclude>
    <ClInclude Include="..\..\..\..\..\..\mw\platform\simulator\platform.h">
      <Filter>eez\mw\platform\simulator</Filter>
    </ClInclude>
    <ClInclude Include="..\..\..\..\..\..\mw\encoder.h">
      <Filter>eez\mw</Filter>
    </ClInclude>
    <ClInclude Include="..\..\..\..\..\gui\calibration.h">
      <Filter>eez\app\gui</Filter>
    </ClInclude>
    <ClInclude Include="..\..\..\..\..\gui\data.h">
      <Filter>eez\app\gui</Filter>
    </ClInclude>
    <ClInclude Include="..\..\..\..\..\gui\edit_mode.h">
      <Filter>eez\app\gui</Filter>
    </ClInclude>
    <ClInclude Include="..\..\..\..\..\gui\edit_mode_keypad.h">
      <Filter>eez\app\gui</Filter>
    </ClInclude>
    <ClInclude Include="..\..\..\..\..\gui\edit_mode_slider.h">
      <Filter>eez\app\gui</Filter>
    </ClInclude>
    <ClInclude Include="..\..\..\..\..\gui\edit_mode_step.h">
      <Filter>eez\app\gui</Filter>
    </ClInclude>
    <ClInclude Include="..\..\..\..\..\gui\keypad.h">
      <Filter>eez\app\gui</Filter>
    </ClInclude>
    <ClInclude Include="..\..\..\..\..\gui\numeric_keypad.h">
      <Filter>eez\app\gui</Filter>
    </ClInclude>
    <ClInclude Include="..\..\..\..\..\gui\page_ch_settings_adv.h">
      <Filter>eez\app\gui</Filter>
    </ClInclude>
    <ClInclude Include="..\..\..\..\..\gui\page_ch_settings_protection.h">
      <Filter>eez\app\gui</Filter>
    </ClInclude>
    <ClInclude Include="..\..\..\..\..\gui\page_ch_settings_trigger.h">
      <Filter>eez\app\gui</Filter>
    </ClInclude>
    <ClInclude Include="..\..\..\..\..\gui\page_event_queue.h">
      <Filter>eez\app\gui</Filter>
    </ClInclude>
    <ClInclude Include="..\..\..\..\..\gui\page_self_test_result.h">
      <Filter>eez\app\gui</Filter>
    </ClInclude>
    <ClInclude Include="..\..\..\..\..\gui\page_sys_settings.h">
      <Filter>eez\app\gui</Filter>
    </ClInclude>
    <ClInclude Include="..\..\..\..\..\gui\page_user_profiles.h">
      <Filter>eez\app\gui</Filter>
    </ClInclude>
    <ClInclude Include="..\..\..\..\..\gui\password.h">
      <Filter>eez\app\gui</Filter>
    </ClInclude>
    <ClInclude Include="..\..\..\..\..\gui\psu.h">
      <Filter>eez\app\gui</Filter>
    </ClInclude>
    <ClInclude Include="..\..\..\..\..\gui\touch_calibration.h">
      <Filter>eez\app\gui</Filter>
    </ClInclude>
    <ClInclude Include="..\..\..\..\..\actions.h">
      <Filter>eez\app</Filter>
    </ClInclude>
    <ClInclude Include="..\..\..\..\..\adc.h">
      <Filter>eez\app</Filter>
    </ClInclude>
    <ClInclude Include="..\..\..\..\..\board.h">
      <Filter>eez\app</Filter>
    </ClInclude>
    <ClInclude Include="..\..\..\..\..\bp.h">
      <Filter>eez\app</Filter>
    </ClInclude>
    <ClInclude Include="..\..\..\..\..\buzzer.h">
      <Filter>eez\app</Filter>
    </ClInclude>
    <ClInclude Include="..\..\..\..\..\calibration.h">
      <Filter>eez\app</Filter>
    </ClInclude>
    <ClInclude Include="..\..\..\..\..\channel.h">
      <Filter>eez\app</Filter>
    </ClInclude>
    <ClInclude Include="..\..\..\..\..\channel_dispatcher.h">
      <Filter>eez\app</Filter>
    </ClInclude>
    <ClInclude Include="..\..\..\..\..\conf_advanced.h">
      <Filter>eez\app</Filter>
    </ClInclude>
    <ClInclude Include="..\..\..\..\..\conf_channel.h">
      <Filter>eez\app</Filter>
    </ClInclude>
    <ClInclude Include="..\..\..\..\..\conf_user.h">
      <Filter>eez\app</Filter>
    </ClInclude>
    <ClInclude Include="..\..\..\..\..\conf_user_revision.h">
      <Filter>eez\app</Filter>
    </ClInclude>
    <ClInclude Include="..\..\..\..\..\dac.h">
      <Filter>eez\app</Filter>
    </ClInclude>
    <ClInclude Include="..\..\..\..\..\datetime.h">
      <Filter>eez\app</Filter>
    </ClInclude>
    <ClInclude Include="..\..\..\..\..\debug.h">
      <Filter>eez\app</Filter>
    </ClInclude>
    <ClInclude Include="..\..\..\..\..\devices.h">
      <Filter>eez\app</Filter>
    </ClInclude>
    <ClInclude Include="..\..\..\..\..\dlog.h">
      <Filter>eez\app</Filter>
    </ClInclude>
    <ClInclude Include="..\..\..\..\..\eeprom.h">
      <Filter>eez\app</Filter>
    </ClInclude>
    <ClInclude Include="..\..\..\..\..\ethernet.h">
      <Filter>eez\app</Filter>
    </ClInclude>
    <ClInclude Include="..\..\..\..\..\event_queue.h">
      <Filter>eez\app</Filter>
    </ClInclude>
    <ClInclude Include="..\..\..\..\..\fan.h">
      <Filter>eez\app</Filter>
    </ClInclude>
    <ClInclude Include="..\..\..\..\..\idle.h">
      <Filter>eez\app</Filter>
    </ClInclude>
    <ClInclude Include="..\..\..\..\..\io_pins.h">
      <Filter>eez\app</Filter>
    </ClInclude>
    <ClInclude Include="..\..\..\..\..\ioexp.h">
      <Filter>eez\app</Filter>
    </ClInclude>
    <ClInclude Include="..\..\..\..\..\list_program.h">
      <Filter>eez\app</Filter>
    </ClInclude>
    <ClInclude Include="..\..\..\..\..\ntp.h">
      <Filter>eez\app</Filter>
    </ClInclude>
    <ClInclude Include="..\..\..\..\..\ontime.h">
      <Filter>eez\app</Filter>
    </ClInclude>
    <ClInclude Include="..\..\..\..\..\persist_conf.h">
      <Filter>eez\app</Filter>
    </ClInclude>
    <ClInclude Include="..\..\..\..\..\pid.h">
      <Filter>eez\app</Filter>
    </ClInclude>
    <ClInclude Include="..\..\..\..\..\profile.h">
      <Filter>eez\app</Filter>
    </ClInclude>
    <ClInclude Include="..\..\..\..\..\psu.h">
      <Filter>eez\app</Filter>
    </ClInclude>
    <ClInclude Include="..\..\..\..\..\rtc.h">
      <Filter>eez\app</Filter>
    </ClInclude>
    <ClInclude Include="..\..\..\..\..\sd_card.h">
      <Filter>eez\app</Filter>
    </ClInclude>
    <ClInclude Include="..\..\..\..\..\serial_psu.h">
      <Filter>eez\app</Filter>
    </ClInclude>
    <ClInclude Include="..\..\..\..\..\sound.h">
      <Filter>eez\app</Filter>
    </ClInclude>
    <ClInclude Include="..\..\..\..\..\temp_sensor.h">
      <Filter>eez\app</Filter>
    </ClInclude>
    <ClInclude Include="..\..\..\..\..\temperature.h">
      <Filter>eez\app</Filter>
    </ClInclude>
    <ClInclude Include="..\..\..\..\..\timer.h">
      <Filter>eez\app</Filter>
    </ClInclude>
    <ClInclude Include="..\..\..\..\..\trigger.h">
      <Filter>eez\app</Filter>
    </ClInclude>
    <ClInclude Include="..\..\..\..\..\unit.h">
      <Filter>eez\app</Filter>
    </ClInclude>
    <ClInclude Include="..\..\..\..\..\util.h">
      <Filter>eez\app</Filter>
    </ClInclude>
    <ClInclude Include="..\..\..\..\..\watchdog.h">
      <Filter>eez\app</Filter>
    </ClInclude>
    <ClInclude Include="..\..\..\bp.h">
      <Filter>eez\app\platform\simulator</Filter>
    </ClInclude>
    <ClInclude Include="..\..\..\conf.h">
      <Filter>eez\app\platform\simulator</Filter>
    </ClInclude>
    <ClInclude Include="..\..\..\psu.h">
      <Filter>eez\app\platform\simulator</Filter>
    </ClInclude>
    <ClInclude Include="..\..\..\SdFat.h">
      <Filter>eez\app\platform\simulator</Filter>
    </ClInclude>
    <ClInclude Include="..\..\..\serial.h">
      <Filter>eez\app\platform\simulator</Filter>
    </ClInclude>
    <ClInclude Include="..\..\..\ethernet\EthernetUdp2.h">
      <Filter>eez\app\platform\simulator\ethernet</Filter>
    </ClInclude>
    <ClInclude Include="..\..\..\ethernet\UIPClient.h">
      <Filter>eez\app\platform\simulator\ethernet</Filter>
    </ClInclude>
    <ClInclude Include="..\..\..\ethernet\UIPEthernet.h">
      <Filter>eez\app\platform\simulator\ethernet</Filter>
    </ClInclude>
    <ClInclude Include="..\..\..\ethernet\UIPServer.h">
      <Filter>eez\app\platform\simulator\ethernet</Filter>
    </ClInclude>
    <ClInclude Include="..\..\..\front_panel\data.h">
      <Filter>eez\app\platform\simulator\front_panel</Filter>
    </ClInclude>
    <ClInclude Include="..\..\..\..\..\conf.h">
      <Filter>eez\app</Filter>
    </ClInclude>
    <ClInclude Include="..\..\..\..\..\conf_mw.h">
      <Filter>eez\app</Filter>
    </ClInclude>
    <ClInclude Include="..\..\..\..\..\..\mw\gui\widget\bar_graph.h">
      <Filter>eez\mw\gui\widget</Filter>
    </ClInclude>
    <ClInclude Include="..\..\..\..\..\..\mw\gui\widget\bitmap.h">
      <Filter>eez\mw\gui\widget</Filter>
    </ClInclude>
    <ClInclude Include="..\..\..\..\..\..\mw\gui\widget\button.h">
      <Filter>eez\mw\gui\widget</Filter>
    </ClInclude>
    <ClInclude Include="..\..\..\..\..\..\mw\gui\widget\button_group.h">
      <Filter>eez\mw\gui\widget</Filter>
    </ClInclude>
    <ClInclude Include="..\..\..\..\..\..\mw\gui\widget\container.h">
      <Filter>eez\mw\gui\widget</Filter>
    </ClInclude>
    <ClInclude Include="..\..\..\..\..\..\mw\gui\widget\custom.h">
      <Filter>eez\mw\gui\widget</Filter>
    </ClInclude>
    <ClInclude Include="..\..\..\..\..\..\mw\gui\widget\display_data.h">
      <Filter>eez\mw\gui\widget</Filter>
    </ClInclude>
    <ClInclude Include="..\..\..\..\..\..\mw\gui\widget\list.h">
      <Filter>eez\mw\gui\widget</Filter>
    </ClInclude>
    <ClInclude Include="..\..\..\..\..\..\mw\gui\widget\list_graph.h">
      <Filter>eez\mw\gui\widget</Filter>
    </ClInclude>
    <ClInclude Include="..\..\..\..\..\..\mw\gui\widget\multiline_text.h">
      <Filter>eez\mw\gui\widget</Filter>
    </ClInclude>
    <ClInclude Include="..\..\..\..\..\..\mw\gui\widget\rectangle.h">
      <Filter>eez\mw\gui\widget</Filter>
    </ClInclude>
    <ClInclude Include="..\..\..\..\..\..\mw\gui\widget\scale.h">
      <Filter>eez\mw\gui\widget</Filter>
    </ClInclude>
    <ClInclude Include="..\..\..\..\..\..\mw\gui\widget\select.h">
      <Filter>eez\mw\gui\widget</Filter>
    </ClInclude>
    <ClInclude Include="..\..\..\..\..\..\mw\gui\widget\text.h">
      <Filter>eez\mw\gui\widget</Filter>
    </ClInclude>
    <ClInclude Include="..\..\..\..\..\..\mw\gui\widget\toggle_button.h">
      <Filter>eez\mw\gui\widget</Filter>
    </ClInclude>
    <ClInclude Include="..\..\..\..\..\..\mw\gui\widget\up_down.h">
      <Filter>eez\mw\gui\widget</Filter>
    </ClInclude>
    <ClInclude Include="..\..\..\..\..\..\mw\gui\widget\yt_graph.h">
      <Filter>eez\mw\gui\widget</Filter>
    </ClInclude>
    <ClInclude Include="..\..\..\..\..\..\mw\gui\draw.h">
      <Filter>eez\mw\gui</Filter>
    </ClInclude>
  </ItemGroup>
  <ItemGroup>
    <None Include="..\..\..\..\..\..\..\libraries\scpi-parser\src\impl\scpi.g">
      <Filter>libraries\scpi-parser\impl</Filter>
    </None>
  </ItemGroup>
</Project>